// !$*UTF8*$!
{
	archiveVersion = 1;
	classes = {
	};
	objectVersion = 50;
	objects = {

/* Begin PBXBuildFile section */
		1B02236821FFA81700D81387 /* AppDelegate.swift in Sources */ = {isa = PBXBuildFile; fileRef = 1B02236721FFA81700D81387 /* AppDelegate.swift */; };
		1B02236A21FFA81700D81387 /* ViewController.swift in Sources */ = {isa = PBXBuildFile; fileRef = 1B02236921FFA81700D81387 /* ViewController.swift */; };
		1B02236D21FFA81700D81387 /* Main.storyboard in Resources */ = {isa = PBXBuildFile; fileRef = 1B02236B21FFA81700D81387 /* Main.storyboard */; };
		1B02236F21FFA81C00D81387 /* Assets.xcassets in Resources */ = {isa = PBXBuildFile; fileRef = 1B02236E21FFA81C00D81387 /* Assets.xcassets */; };
		1B02237221FFA81C00D81387 /* LaunchScreen.storyboard in Resources */ = {isa = PBXBuildFile; fileRef = 1B02237021FFA81C00D81387 /* LaunchScreen.storyboard */; };
		1B02237D21FFA81C00D81387 /* WebBrowserExecuteJavaScriptTests.swift in Sources */ = {isa = PBXBuildFile; fileRef = 1B02237C21FFA81C00D81387 /* WebBrowserExecuteJavaScriptTests.swift */; };
		1B8AA2572207A56B00AEF41A /* Building.swift in Sources */ = {isa = PBXBuildFile; fileRef = 1B8AA2562207A56B00AEF41A /* Building.swift */; };
		1B8AA25A2207A5B000AEF41A /* FlatScraper.swift in Sources */ = {isa = PBXBuildFile; fileRef = 1B8AA2592207A5B000AEF41A /* FlatScraper.swift */; };
		1B8AA25D2207A5DD00AEF41A /* JSONEncoder+Extension.swift in Sources */ = {isa = PBXBuildFile; fileRef = 1B8AA25C2207A5DD00AEF41A /* JSONEncoder+Extension.swift */; };
		1B8AA2602207A63800AEF41A /* Endpoint.swift in Sources */ = {isa = PBXBuildFile; fileRef = 1B8AA25F2207A63800AEF41A /* Endpoint.swift */; };
		1B8AA2622207A93100AEF41A /* Functions.swift in Sources */ = {isa = PBXBuildFile; fileRef = 1B8AA2612207A93100AEF41A /* Functions.swift */; };
		803F88F5578E9684AC4DFF07 /* Pods_WebBrowserExecuteJavaScript.framework in Frameworks */ = {isa = PBXBuildFile; fileRef = 2B81480F05F8418AB0E542EC /* Pods_WebBrowserExecuteJavaScript.framework */; };
		F233F63A828782204683115A /* Pods_WebBrowserExecuteJavaScriptTests.framework in Frameworks */ = {isa = PBXBuildFile; fileRef = 4A5F180ED21DEB6F0E991393 /* Pods_WebBrowserExecuteJavaScriptTests.framework */; };
/* End PBXBuildFile section */

/* Begin PBXContainerItemProxy section */
		1B02237921FFA81C00D81387 /* PBXContainerItemProxy */ = {
			isa = PBXContainerItemProxy;
			containerPortal = 1B02235C21FFA81700D81387 /* Project object */;
			proxyType = 1;
			remoteGlobalIDString = 1B02236321FFA81700D81387;
			remoteInfo = WebBrowserExecuteJavaScript;
		};
/* End PBXContainerItemProxy section */

/* Begin PBXFileReference section */
		1B02236421FFA81700D81387 /* WebBrowserExecuteJavaScript.app */ = {isa = PBXFileReference; explicitFileType = wrapper.application; includeInIndex = 0; path = WebBrowserExecuteJavaScript.app; sourceTree = BUILT_PRODUCTS_DIR; };
		1B02236721FFA81700D81387 /* AppDelegate.swift */ = {isa = PBXFileReference; lastKnownFileType = sourcecode.swift; path = AppDelegate.swift; sourceTree = "<group>"; };
		1B02236921FFA81700D81387 /* ViewController.swift */ = {isa = PBXFileReference; lastKnownFileType = sourcecode.swift; path = ViewController.swift; sourceTree = "<group>"; };
		1B02236C21FFA81700D81387 /* Base */ = {isa = PBXFileReference; lastKnownFileType = file.storyboard; name = Base; path = Base.lproj/Main.storyboard; sourceTree = "<group>"; };
		1B02236E21FFA81C00D81387 /* Assets.xcassets */ = {isa = PBXFileReference; lastKnownFileType = folder.assetcatalog; path = Assets.xcassets; sourceTree = "<group>"; };
		1B02237121FFA81C00D81387 /* Base */ = {isa = PBXFileReference; lastKnownFileType = file.storyboard; name = Base; path = Base.lproj/LaunchScreen.storyboard; sourceTree = "<group>"; };
		1B02237321FFA81C00D81387 /* Info.plist */ = {isa = PBXFileReference; lastKnownFileType = text.plist.xml; path = Info.plist; sourceTree = "<group>"; };
		1B02237821FFA81C00D81387 /* WebBrowserExecuteJavaScriptTests.xctest */ = {isa = PBXFileReference; explicitFileType = wrapper.cfbundle; includeInIndex = 0; path = WebBrowserExecuteJavaScriptTests.xctest; sourceTree = BUILT_PRODUCTS_DIR; };
		1B02237C21FFA81C00D81387 /* WebBrowserExecuteJavaScriptTests.swift */ = {isa = PBXFileReference; lastKnownFileType = sourcecode.swift; path = WebBrowserExecuteJavaScriptTests.swift; sourceTree = "<group>"; };
		1B02237E21FFA81C00D81387 /* Info.plist */ = {isa = PBXFileReference; lastKnownFileType = text.plist.xml; path = Info.plist; sourceTree = "<group>"; };
		1B8A978F22074DBD00AEF41A /* WKZombie-BridgindHeader.h */ = {isa = PBXFileReference; lastKnownFileType = sourcecode.c.h; path = "WKZombie-BridgindHeader.h"; sourceTree = "<group>"; };
		1B8AA2562207A56B00AEF41A /* Building.swift */ = {isa = PBXFileReference; lastKnownFileType = sourcecode.swift; path = Building.swift; sourceTree = "<group>"; };
		1B8AA2592207A5B000AEF41A /* FlatScraper.swift */ = {isa = PBXFileReference; lastKnownFileType = sourcecode.swift; path = FlatScraper.swift; sourceTree = "<group>"; };
		1B8AA25C2207A5DD00AEF41A /* JSONEncoder+Extension.swift */ = {isa = PBXFileReference; lastKnownFileType = sourcecode.swift; path = "JSONEncoder+Extension.swift"; sourceTree = "<group>"; };
		1B8AA25F2207A63800AEF41A /* Endpoint.swift */ = {isa = PBXFileReference; lastKnownFileType = sourcecode.swift; path = Endpoint.swift; sourceTree = "<group>"; };
		1B8AA2612207A93100AEF41A /* Functions.swift */ = {isa = PBXFileReference; lastKnownFileType = sourcecode.swift; path = Functions.swift; sourceTree = "<group>"; };
		2B81480F05F8418AB0E542EC /* Pods_WebBrowserExecuteJavaScript.framework */ = {isa = PBXFileReference; explicitFileType = wrapper.framework; includeInIndex = 0; path = Pods_WebBrowserExecuteJavaScript.framework; sourceTree = BUILT_PRODUCTS_DIR; };
		37C35DD422F33D2D3C9870CF /* Pods-WebBrowserExecuteJavaScript.debug.xcconfig */ = {isa = PBXFileReference; includeInIndex = 1; lastKnownFileType = text.xcconfig; name = "Pods-WebBrowserExecuteJavaScript.debug.xcconfig"; path = "Pods/Target Support Files/Pods-WebBrowserExecuteJavaScript/Pods-WebBrowserExecuteJavaScript.debug.xcconfig"; sourceTree = "<group>"; };
		3C62F89635E4C9D095A09682 /* Pods-WebBrowserExecuteJavaScriptTests.release.xcconfig */ = {isa = PBXFileReference; includeInIndex = 1; lastKnownFileType = text.xcconfig; name = "Pods-WebBrowserExecuteJavaScriptTests.release.xcconfig"; path = "Pods/Target Support Files/Pods-WebBrowserExecuteJavaScriptTests/Pods-WebBrowserExecuteJavaScriptTests.release.xcconfig"; sourceTree = "<group>"; };
		4A5F180ED21DEB6F0E991393 /* Pods_WebBrowserExecuteJavaScriptTests.framework */ = {isa = PBXFileReference; explicitFileType = wrapper.framework; includeInIndex = 0; path = Pods_WebBrowserExecuteJavaScriptTests.framework; sourceTree = BUILT_PRODUCTS_DIR; };
		5AD54D65DFE2179E86CCB45A /* Pods-WebBrowserExecuteJavaScript.release.xcconfig */ = {isa = PBXFileReference; includeInIndex = 1; lastKnownFileType = text.xcconfig; name = "Pods-WebBrowserExecuteJavaScript.release.xcconfig"; path = "Pods/Target Support Files/Pods-WebBrowserExecuteJavaScript/Pods-WebBrowserExecuteJavaScript.release.xcconfig"; sourceTree = "<group>"; };
		8FA0319DA36D5A9D1F9EEB49 /* Pods-WebBrowserExecuteJavaScriptTests.debug.xcconfig */ = {isa = PBXFileReference; includeInIndex = 1; lastKnownFileType = text.xcconfig; name = "Pods-WebBrowserExecuteJavaScriptTests.debug.xcconfig"; path = "Pods/Target Support Files/Pods-WebBrowserExecuteJavaScriptTests/Pods-WebBrowserExecuteJavaScriptTests.debug.xcconfig"; sourceTree = "<group>"; };
/* End PBXFileReference section */

/* Begin PBXFrameworksBuildPhase section */
		1B02236121FFA81700D81387 /* Frameworks */ = {
			isa = PBXFrameworksBuildPhase;
			buildActionMask = 2147483647;
			files = (
				803F88F5578E9684AC4DFF07 /* Pods_WebBrowserExecuteJavaScript.framework in Frameworks */,
			);
			runOnlyForDeploymentPostprocessing = 0;
		};
		1B02237521FFA81C00D81387 /* Frameworks */ = {
			isa = PBXFrameworksBuildPhase;
			buildActionMask = 2147483647;
			files = (
				F233F63A828782204683115A /* Pods_WebBrowserExecuteJavaScriptTests.framework in Frameworks */,
			);
			runOnlyForDeploymentPostprocessing = 0;
		};
/* End PBXFrameworksBuildPhase section */

/* Begin PBXGroup section */
		1B02235B21FFA81700D81387 = {
			isa = PBXGroup;
			children = (
				1B02236621FFA81700D81387 /* WebBrowserExecuteJavaScript */,
				1B02237B21FFA81C00D81387 /* WebBrowserExecuteJavaScriptTests */,
				1B02236521FFA81700D81387 /* Products */,
				A1B81B5919693E2DFF351941 /* Pods */,
				7FF3D396FCC4E6E6F3192A5D /* Frameworks */,
			);
			sourceTree = "<group>";
		};
		1B02236521FFA81700D81387 /* Products */ = {
			isa = PBXGroup;
			children = (
				1B02236421FFA81700D81387 /* WebBrowserExecuteJavaScript.app */,
				1B02237821FFA81C00D81387 /* WebBrowserExecuteJavaScriptTests.xctest */,
			);
			name = Products;
			sourceTree = "<group>";
		};
		1B02236621FFA81700D81387 /* WebBrowserExecuteJavaScript */ = {
			isa = PBXGroup;
			children = (
				1B8AA25E2207A62A00AEF41A /* Networking */,
				1B8AA25B2207A5CF00AEF41A /* Extensions */,
				1B8AA2582207A59400AEF41A /* Workers */,
				1B8AA2552207A55B00AEF41A /* Models */,
				1B02236721FFA81700D81387 /* AppDelegate.swift */,
				1B8AA2612207A93100AEF41A /* Functions.swift */,
				1B02236921FFA81700D81387 /* ViewController.swift */,
				1B02236B21FFA81700D81387 /* Main.storyboard */,
				1B02236E21FFA81C00D81387 /* Assets.xcassets */,
				1B02237021FFA81C00D81387 /* LaunchScreen.storyboard */,
				1B02237321FFA81C00D81387 /* Info.plist */,
				1B8A978F22074DBD00AEF41A /* WKZombie-BridgindHeader.h */,
			);
			path = WebBrowserExecuteJavaScript;
			sourceTree = "<group>";
		};
		1B02237B21FFA81C00D81387 /* WebBrowserExecuteJavaScriptTests */ = {
			isa = PBXGroup;
			children = (
				1B02237C21FFA81C00D81387 /* WebBrowserExecuteJavaScriptTests.swift */,
				1B02237E21FFA81C00D81387 /* Info.plist */,
			);
			path = WebBrowserExecuteJavaScriptTests;
			sourceTree = "<group>";
		};
		1B8AA2552207A55B00AEF41A /* Models */ = {
			isa = PBXGroup;
			children = (
				1B8AA2562207A56B00AEF41A /* Building.swift */,
			);
			path = Models;
			sourceTree = "<group>";
		};
		1B8AA2582207A59400AEF41A /* Workers */ = {
			isa = PBXGroup;
			children = (
				1B8AA2592207A5B000AEF41A /* FlatScraper.swift */,
			);
			path = Workers;
			sourceTree = "<group>";
		};
		1B8AA25B2207A5CF00AEF41A /* Extensions */ = {
			isa = PBXGroup;
			children = (
				1B8AA25C2207A5DD00AEF41A /* JSONEncoder+Extension.swift */,
			);
			path = Extensions;
			sourceTree = "<group>";
		};
		1B8AA25E2207A62A00AEF41A /* Networking */ = {
			isa = PBXGroup;
			children = (
				1B8AA25F2207A63800AEF41A /* Endpoint.swift */,
			);
			path = Networking;
			sourceTree = "<group>";
		};
		7FF3D396FCC4E6E6F3192A5D /* Frameworks */ = {
			isa = PBXGroup;
			children = (
				2B81480F05F8418AB0E542EC /* Pods_WebBrowserExecuteJavaScript.framework */,
				4A5F180ED21DEB6F0E991393 /* Pods_WebBrowserExecuteJavaScriptTests.framework */,
			);
			name = Frameworks;
			sourceTree = "<group>";
		};
		A1B81B5919693E2DFF351941 /* Pods */ = {
			isa = PBXGroup;
			children = (
				37C35DD422F33D2D3C9870CF /* Pods-WebBrowserExecuteJavaScript.debug.xcconfig */,
				5AD54D65DFE2179E86CCB45A /* Pods-WebBrowserExecuteJavaScript.release.xcconfig */,
				8FA0319DA36D5A9D1F9EEB49 /* Pods-WebBrowserExecuteJavaScriptTests.debug.xcconfig */,
				3C62F89635E4C9D095A09682 /* Pods-WebBrowserExecuteJavaScriptTests.release.xcconfig */,
			);
			name = Pods;
			sourceTree = "<group>";
		};
/* End PBXGroup section */

/* Begin PBXNativeTarget section */
		1B02236321FFA81700D81387 /* WebBrowserExecuteJavaScript */ = {
			isa = PBXNativeTarget;
			buildConfigurationList = 1B02238121FFA81C00D81387 /* Build configuration list for PBXNativeTarget "WebBrowserExecuteJavaScript" */;
			buildPhases = (
				8C2CF8993A3D6A8883DB9AE3 /* [CP] Check Pods Manifest.lock */,
				1B02236021FFA81700D81387 /* Sources */,
				1B02236121FFA81700D81387 /* Frameworks */,
				1B02236221FFA81700D81387 /* Resources */,
				BBFC3F7B3FF362763E9D9CE7 /* [CP] Embed Pods Frameworks */,
			);
			buildRules = (
			);
			dependencies = (
			);
			name = WebBrowserExecuteJavaScript;
			productName = WebBrowserExecuteJavaScript;
			productReference = 1B02236421FFA81700D81387 /* WebBrowserExecuteJavaScript.app */;
			productType = "com.apple.product-type.application";
		};
		1B02237721FFA81C00D81387 /* WebBrowserExecuteJavaScriptTests */ = {
			isa = PBXNativeTarget;
			buildConfigurationList = 1B02238421FFA81C00D81387 /* Build configuration list for PBXNativeTarget "WebBrowserExecuteJavaScriptTests" */;
			buildPhases = (
				C5690DE26E7DB9D18E5236AB /* [CP] Check Pods Manifest.lock */,
				1B02237421FFA81C00D81387 /* Sources */,
				1B02237521FFA81C00D81387 /* Frameworks */,
				1B02237621FFA81C00D81387 /* Resources */,
			);
			buildRules = (
			);
			dependencies = (
				1B02237A21FFA81C00D81387 /* PBXTargetDependency */,
			);
			name = WebBrowserExecuteJavaScriptTests;
			productName = WebBrowserExecuteJavaScriptTests;
			productReference = 1B02237821FFA81C00D81387 /* WebBrowserExecuteJavaScriptTests.xctest */;
			productType = "com.apple.product-type.bundle.unit-test";
		};
/* End PBXNativeTarget section */

/* Begin PBXProject section */
		1B02235C21FFA81700D81387 /* Project object */ = {
			isa = PBXProject;
			attributes = {
				LastSwiftUpdateCheck = 1010;
				LastUpgradeCheck = 1010;
				ORGANIZATIONNAME = "Maxim Kovalko";
				TargetAttributes = {
					1B02236321FFA81700D81387 = {
						CreatedOnToolsVersion = 10.1;
					};
					1B02237721FFA81C00D81387 = {
						CreatedOnToolsVersion = 10.1;
						TestTargetID = 1B02236321FFA81700D81387;
					};
				};
			};
			buildConfigurationList = 1B02235F21FFA81700D81387 /* Build configuration list for PBXProject "WebBrowserExecuteJavaScript" */;
			compatibilityVersion = "Xcode 9.3";
			developmentRegion = en;
			hasScannedForEncodings = 0;
			knownRegions = (
				en,
				Base,
			);
			mainGroup = 1B02235B21FFA81700D81387;
			productRefGroup = 1B02236521FFA81700D81387 /* Products */;
			projectDirPath = "";
			projectRoot = "";
			targets = (
				1B02236321FFA81700D81387 /* WebBrowserExecuteJavaScript */,
				1B02237721FFA81C00D81387 /* WebBrowserExecuteJavaScriptTests */,
			);
		};
/* End PBXProject section */

/* Begin PBXResourcesBuildPhase section */
		1B02236221FFA81700D81387 /* Resources */ = {
			isa = PBXResourcesBuildPhase;
			buildActionMask = 2147483647;
			files = (
				1B02237221FFA81C00D81387 /* LaunchScreen.storyboard in Resources */,
				1B02236F21FFA81C00D81387 /* Assets.xcassets in Resources */,
				1B02236D21FFA81700D81387 /* Main.storyboard in Resources */,
			);
			runOnlyForDeploymentPostprocessing = 0;
		};
		1B02237621FFA81C00D81387 /* Resources */ = {
			isa = PBXResourcesBuildPhase;
			buildActionMask = 2147483647;
			files = (
			);
			runOnlyForDeploymentPostprocessing = 0;
		};
/* End PBXResourcesBuildPhase section */

/* Begin PBXShellScriptBuildPhase section */
		8C2CF8993A3D6A8883DB9AE3 /* [CP] Check Pods Manifest.lock */ = {
			isa = PBXShellScriptBuildPhase;
			buildActionMask = 2147483647;
			files = (
			);
			inputPaths = (
				"${PODS_PODFILE_DIR_PATH}/Podfile.lock",
				"${PODS_ROOT}/Manifest.lock",
			);
			name = "[CP] Check Pods Manifest.lock";
			outputPaths = (
				"$(DERIVED_FILE_DIR)/Pods-WebBrowserExecuteJavaScript-checkManifestLockResult.txt",
			);
			runOnlyForDeploymentPostprocessing = 0;
			shellPath = /bin/sh;
			shellScript = "diff \"${PODS_PODFILE_DIR_PATH}/Podfile.lock\" \"${PODS_ROOT}/Manifest.lock\" > /dev/null\nif [ $? != 0 ] ; then\n    # print error to STDERR\n    echo \"error: The sandbox is not in sync with the Podfile.lock. Run 'pod install' or update your CocoaPods installation.\" >&2\n    exit 1\nfi\n# This output is used by Xcode 'outputs' to avoid re-running this script phase.\necho \"SUCCESS\" > \"${SCRIPT_OUTPUT_FILE_0}\"\n";
			showEnvVarsInLog = 0;
		};
		BBFC3F7B3FF362763E9D9CE7 /* [CP] Embed Pods Frameworks */ = {
			isa = PBXShellScriptBuildPhase;
			buildActionMask = 2147483647;
			files = (
			);
			inputPaths = (
				"${SRCROOT}/Pods/Target Support Files/Pods-WebBrowserExecuteJavaScript/Pods-WebBrowserExecuteJavaScript-frameworks.sh",
				"${BUILT_PRODUCTS_DIR}/SwiftSoup/SwiftSoup.framework",
				"${BUILT_PRODUCTS_DIR}/WKZombie/WKZombie.framework",
				"${BUILT_PRODUCTS_DIR}/hpple/hpple.framework",
			);
			name = "[CP] Embed Pods Frameworks";
			outputPaths = (
				"${TARGET_BUILD_DIR}/${FRAMEWORKS_FOLDER_PATH}/SwiftSoup.framework",
				"${TARGET_BUILD_DIR}/${FRAMEWORKS_FOLDER_PATH}/WKZombie.framework",
				"${TARGET_BUILD_DIR}/${FRAMEWORKS_FOLDER_PATH}/hpple.framework",
			);
			runOnlyForDeploymentPostprocessing = 0;
			shellPath = /bin/sh;
			shellScript = "\"${SRCROOT}/Pods/Target Support Files/Pods-WebBrowserExecuteJavaScript/Pods-WebBrowserExecuteJavaScript-frameworks.sh\"\n";
			showEnvVarsInLog = 0;
		};
		C5690DE26E7DB9D18E5236AB /* [CP] Check Pods Manifest.lock */ = {
			isa = PBXShellScriptBuildPhase;
			buildActionMask = 2147483647;
			files = (
			);
			inputPaths = (
				"${PODS_PODFILE_DIR_PATH}/Podfile.lock",
				"${PODS_ROOT}/Manifest.lock",
			);
			name = "[CP] Check Pods Manifest.lock";
			outputPaths = (
				"$(DERIVED_FILE_DIR)/Pods-WebBrowserExecuteJavaScriptTests-checkManifestLockResult.txt",
			);
			runOnlyForDeploymentPostprocessing = 0;
			shellPath = /bin/sh;
			shellScript = "diff \"${PODS_PODFILE_DIR_PATH}/Podfile.lock\" \"${PODS_ROOT}/Manifest.lock\" > /dev/null\nif [ $? != 0 ] ; then\n    # print error to STDERR\n    echo \"error: The sandbox is not in sync with the Podfile.lock. Run 'pod install' or update your CocoaPods installation.\" >&2\n    exit 1\nfi\n# This output is used by Xcode 'outputs' to avoid re-running this script phase.\necho \"SUCCESS\" > \"${SCRIPT_OUTPUT_FILE_0}\"\n";
			showEnvVarsInLog = 0;
		};
/* End PBXShellScriptBuildPhase section */

/* Begin PBXSourcesBuildPhase section */
		1B02236021FFA81700D81387 /* Sources */ = {
			isa = PBXSourcesBuildPhase;
			buildActionMask = 2147483647;
			files = (
				1B02236A21FFA81700D81387 /* ViewController.swift in Sources */,
				1B8AA25D2207A5DD00AEF41A /* JSONEncoder+Extension.swift in Sources */,
				1B8AA2572207A56B00AEF41A /* Building.swift in Sources */,
				1B8AA2622207A93100AEF41A /* Functions.swift in Sources */,
				1B02236821FFA81700D81387 /* AppDelegate.swift in Sources */,
				1B8AA2602207A63800AEF41A /* Endpoint.swift in Sources */,
				1B8AA25A2207A5B000AEF41A /* FlatScraper.swift in Sources */,
			);
			runOnlyForDeploymentPostprocessing = 0;
		};
		1B02237421FFA81C00D81387 /* Sources */ = {
			isa = PBXSourcesBuildPhase;
			buildActionMask = 2147483647;
			files = (
				1B02237D21FFA81C00D81387 /* WebBrowserExecuteJavaScriptTests.swift in Sources */,
			);
			runOnlyForDeploymentPostprocessing = 0;
		};
/* End PBXSourcesBuildPhase section */

/* Begin PBXTargetDependency section */
		1B02237A21FFA81C00D81387 /* PBXTargetDependency */ = {
			isa = PBXTargetDependency;
			target = 1B02236321FFA81700D81387 /* WebBrowserExecuteJavaScript */;
			targetProxy = 1B02237921FFA81C00D81387 /* PBXContainerItemProxy */;
		};
/* End PBXTargetDependency section */

/* Begin PBXVariantGroup section */
		1B02236B21FFA81700D81387 /* Main.storyboard */ = {
			isa = PBXVariantGroup;
			children = (
				1B02236C21FFA81700D81387 /* Base */,
			);
			name = Main.storyboard;
			sourceTree = "<group>";
		};
		1B02237021FFA81C00D81387 /* LaunchScreen.storyboard */ = {
			isa = PBXVariantGroup;
			children = (
				1B02237121FFA81C00D81387 /* Base */,
			);
			name = LaunchScreen.storyboard;
			sourceTree = "<group>";
		};
/* End PBXVariantGroup section */

/* Begin XCBuildConfiguration section */
		1B02237F21FFA81C00D81387 /* Debug */ = {
			isa = XCBuildConfiguration;
			buildSettings = {
				ALWAYS_SEARCH_USER_PATHS = NO;
				CLANG_ANALYZER_NONNULL = YES;
				CLANG_ANALYZER_NUMBER_OBJECT_CONVERSION = YES_AGGRESSIVE;
				CLANG_CXX_LANGUAGE_STANDARD = "gnu++14";
				CLANG_CXX_LIBRARY = "libc++";
				CLANG_ENABLE_MODULES = YES;
				CLANG_ENABLE_OBJC_ARC = YES;
				CLANG_ENABLE_OBJC_WEAK = YES;
				CLANG_WARN_BLOCK_CAPTURE_AUTORELEASING = YES;
				CLANG_WARN_BOOL_CONVERSION = YES;
				CLANG_WARN_COMMA = YES;
				CLANG_WARN_CONSTANT_CONVERSION = YES;
				CLANG_WARN_DEPRECATED_OBJC_IMPLEMENTATIONS = YES;
				CLANG_WARN_DIRECT_OBJC_ISA_USAGE = YES_ERROR;
				CLANG_WARN_DOCUMENTATION_COMMENTS = YES;
				CLANG_WARN_EMPTY_BODY = YES;
				CLANG_WARN_ENUM_CONVERSION = YES;
				CLANG_WARN_INFINITE_RECURSION = YES;
				CLANG_WARN_INT_CONVERSION = YES;
				CLANG_WARN_NON_LITERAL_NULL_CONVERSION = YES;
				CLANG_WARN_OBJC_IMPLICIT_RETAIN_SELF = YES;
				CLANG_WARN_OBJC_LITERAL_CONVERSION = YES;
				CLANG_WARN_OBJC_ROOT_CLASS = YES_ERROR;
				CLANG_WARN_RANGE_LOOP_ANALYSIS = YES;
				CLANG_WARN_STRICT_PROTOTYPES = YES;
				CLANG_WARN_SUSPICIOUS_MOVE = YES;
				CLANG_WARN_UNGUARDED_AVAILABILITY = YES_AGGRESSIVE;
				CLANG_WARN_UNREACHABLE_CODE = YES;
				CLANG_WARN__DUPLICATE_METHOD_MATCH = YES;
				CODE_SIGN_IDENTITY = "iPhone Developer";
				COPY_PHASE_STRIP = NO;
				DEBUG_INFORMATION_FORMAT = dwarf;
				ENABLE_STRICT_OBJC_MSGSEND = YES;
				ENABLE_TESTABILITY = YES;
				GCC_C_LANGUAGE_STANDARD = gnu11;
				GCC_DYNAMIC_NO_PIC = NO;
				GCC_NO_COMMON_BLOCKS = YES;
				GCC_OPTIMIZATION_LEVEL = 0;
				GCC_PREPROCESSOR_DEFINITIONS = (
					"DEBUG=1",
					"$(inherited)",
				);
				GCC_WARN_64_TO_32_BIT_CONVERSION = YES;
				GCC_WARN_ABOUT_RETURN_TYPE = YES_ERROR;
				GCC_WARN_UNDECLARED_SELECTOR = YES;
				GCC_WARN_UNINITIALIZED_AUTOS = YES_AGGRESSIVE;
				GCC_WARN_UNUSED_FUNCTION = YES;
				GCC_WARN_UNUSED_VARIABLE = YES;
				IPHONEOS_DEPLOYMENT_TARGET = 12.1;
				MTL_ENABLE_DEBUG_INFO = INCLUDE_SOURCE;
				MTL_FAST_MATH = YES;
				ONLY_ACTIVE_ARCH = YES;
				SDKROOT = iphoneos;
				SWIFT_ACTIVE_COMPILATION_CONDITIONS = DEBUG;
				SWIFT_OPTIMIZATION_LEVEL = "-Onone";
			};
			name = Debug;
		};
		1B02238021FFA81C00D81387 /* Release */ = {
			isa = XCBuildConfiguration;
			buildSettings = {
				ALWAYS_SEARCH_USER_PATHS = NO;
				CLANG_ANALYZER_NONNULL = YES;
				CLANG_ANALYZER_NUMBER_OBJECT_CONVERSION = YES_AGGRESSIVE;
				CLANG_CXX_LANGUAGE_STANDARD = "gnu++14";
				CLANG_CXX_LIBRARY = "libc++";
				CLANG_ENABLE_MODULES = YES;
				CLANG_ENABLE_OBJC_ARC = YES;
				CLANG_ENABLE_OBJC_WEAK = YES;
				CLANG_WARN_BLOCK_CAPTURE_AUTORELEASING = YES;
				CLANG_WARN_BOOL_CONVERSION = YES;
				CLANG_WARN_COMMA = YES;
				CLANG_WARN_CONSTANT_CONVERSION = YES;
				CLANG_WARN_DEPRECATED_OBJC_IMPLEMENTATIONS = YES;
				CLANG_WARN_DIRECT_OBJC_ISA_USAGE = YES_ERROR;
				CLANG_WARN_DOCUMENTATION_COMMENTS = YES;
				CLANG_WARN_EMPTY_BODY = YES;
				CLANG_WARN_ENUM_CONVERSION = YES;
				CLANG_WARN_INFINITE_RECURSION = YES;
				CLANG_WARN_INT_CONVERSION = YES;
				CLANG_WARN_NON_LITERAL_NULL_CONVERSION = YES;
				CLANG_WARN_OBJC_IMPLICIT_RETAIN_SELF = YES;
				CLANG_WARN_OBJC_LITERAL_CONVERSION = YES;
				CLANG_WARN_OBJC_ROOT_CLASS = YES_ERROR;
				CLANG_WARN_RANGE_LOOP_ANALYSIS = YES;
				CLANG_WARN_STRICT_PROTOTYPES = YES;
				CLANG_WARN_SUSPICIOUS_MOVE = YES;
				CLANG_WARN_UNGUARDED_AVAILABILITY = YES_AGGRESSIVE;
				CLANG_WARN_UNREACHABLE_CODE = YES;
				CLANG_WARN__DUPLICATE_METHOD_MATCH = YES;
				CODE_SIGN_IDENTITY = "iPhone Developer";
				COPY_PHASE_STRIP = NO;
				DEBUG_INFORMATION_FORMAT = "dwarf-with-dsym";
				ENABLE_NS_ASSERTIONS = NO;
				ENABLE_STRICT_OBJC_MSGSEND = YES;
				GCC_C_LANGUAGE_STANDARD = gnu11;
				GCC_NO_COMMON_BLOCKS = YES;
				GCC_WARN_64_TO_32_BIT_CONVERSION = YES;
				GCC_WARN_ABOUT_RETURN_TYPE = YES_ERROR;
				GCC_WARN_UNDECLARED_SELECTOR = YES;
				GCC_WARN_UNINITIALIZED_AUTOS = YES_AGGRESSIVE;
				GCC_WARN_UNUSED_FUNCTION = YES;
				GCC_WARN_UNUSED_VARIABLE = YES;
				IPHONEOS_DEPLOYMENT_TARGET = 12.1;
				MTL_ENABLE_DEBUG_INFO = NO;
				MTL_FAST_MATH = YES;
				SDKROOT = iphoneos;
				SWIFT_COMPILATION_MODE = wholemodule;
				SWIFT_OPTIMIZATION_LEVEL = "-O";
				VALIDATE_PRODUCT = YES;
			};
			name = Release;
		};
		1B02238221FFA81C00D81387 /* Debug */ = {
			isa = XCBuildConfiguration;
			baseConfigurationReference = 37C35DD422F33D2D3C9870CF /* Pods-WebBrowserExecuteJavaScript.debug.xcconfig */;
			buildSettings = {
				ASSETCATALOG_COMPILER_APPICON_NAME = AppIcon;
				CODE_SIGN_STYLE = Automatic;
				DEVELOPMENT_TEAM = ZS9A3Y8V79;
				INFOPLIST_FILE = WebBrowserExecuteJavaScript/Info.plist;
				LD_RUNPATH_SEARCH_PATHS = (
					"$(inherited)",
					"@executable_path/Frameworks",
				);
				PRODUCT_BUNDLE_IDENTIFIER = com.app.WebBrowserExecuteJavaScript;
				PRODUCT_NAME = "$(TARGET_NAME)";
				SWIFT_OBJC_BRIDGING_HEADER = "/Users/mkovalko/Desktop/Development/iOS Development/WebBrowserExecuteJavaScript/WebBrowserExecuteJavaScript/WKZombie-BridgindHeader.h";
				SWIFT_VERSION = 4.2;
				TARGETED_DEVICE_FAMILY = "1,2";
			};
			name = Debug;
		};
		1B02238321FFA81C00D81387 /* Release */ = {
			isa = XCBuildConfiguration;
			baseConfigurationReference = 5AD54D65DFE2179E86CCB45A /* Pods-WebBrowserExecuteJavaScript.release.xcconfig */;
			buildSettings = {
				ASSETCATALOG_COMPILER_APPICON_NAME = AppIcon;
				CODE_SIGN_STYLE = Automatic;
				DEVELOPMENT_TEAM = ZS9A3Y8V79;
				INFOPLIST_FILE = WebBrowserExecuteJavaScript/Info.plist;
				LD_RUNPATH_SEARCH_PATHS = (
					"$(inherited)",
					"@executable_path/Frameworks",
				);
				PRODUCT_BUNDLE_IDENTIFIER = com.app.WebBrowserExecuteJavaScript;
				PRODUCT_NAME = "$(TARGET_NAME)";
				SWIFT_OBJC_BRIDGING_HEADER = "/Users/mkovalko/Desktop/Development/iOS Development/WebBrowserExecuteJavaScript/WebBrowserExecuteJavaScript/WKZombie-BridgindHeader.h";
				SWIFT_VERSION = 4.2;
				TARGETED_DEVICE_FAMILY = "1,2";
			};
			name = Release;
		};
		1B02238521FFA81C00D81387 /* Debug */ = {
			isa = XCBuildConfiguration;
			baseConfigurationReference = 8FA0319DA36D5A9D1F9EEB49 /* Pods-WebBrowserExecuteJavaScriptTests.debug.xcconfig */;
			buildSettings = {
				ALWAYS_EMBED_SWIFT_STANDARD_LIBRARIES = YES;
				BUNDLE_LOADER = "$(TEST_HOST)";
				CODE_SIGN_STYLE = Automatic;
				DEVELOPMENT_TEAM = ZS9A3Y8V79;
				INFOPLIST_FILE = WebBrowserExecuteJavaScriptTests/Info.plist;
				LD_RUNPATH_SEARCH_PATHS = (
					"$(inherited)",
					"@executable_path/Frameworks",
					"@loader_path/Frameworks",
				);
				PRODUCT_BUNDLE_IDENTIFIER = com.app.WebBrowserExecuteJavaScriptTests;
				PRODUCT_NAME = "$(TARGET_NAME)";
				SWIFT_VERSION = 4.2;
				TARGETED_DEVICE_FAMILY = "1,2";
				TEST_HOST = "$(BUILT_PRODUCTS_DIR)/WebBrowserExecuteJavaScript.app/WebBrowserExecuteJavaScript";
			};
			name = Debug;
		};
		1B02238621FFA81C00D81387 /* Release */ = {
			isa = XCBuildConfiguration;
			baseConfigurationReference = 3C62F89635E4C9D095A09682 /* Pods-WebBrowserExecuteJavaScriptTests.release.xcconfig */;
			buildSettings = {
				ALWAYS_EMBED_SWIFT_STANDARD_LIBRARIES = YES;
				BUNDLE_LOADER = "$(TEST_HOST)";
				CODE_SIGN_STYLE = Automatic;
				DEVELOPMENT_TEAM = ZS9A3Y8V79;
				INFOPLIST_FILE = WebBrowserExecuteJavaScriptTests/Info.plist;
				LD_RUNPATH_SEARCH_PATHS = (
					"$(inherited)",
					"@executable_path/Frameworks",
					"@loader_path/Frameworks",
				);
				PRODUCT_BUNDLE_IDENTIFIER = com.app.WebBrowserExecuteJavaScriptTests;
				PRODUCT_NAME = "$(TARGET_NAME)";
				SWIFT_VERSION = 4.2;
				TARGETED_DEVICE_FAMILY = "1,2";
				TEST_HOST = "$(BUILT_PRODUCTS_DIR)/WebBrowserExecuteJavaScript.app/WebBrowserExecuteJavaScript";
			};
			name = Release;
		};
/* End XCBuildConfiguration section */

/* Begin XCConfigurationList section */
		1B02235F21FFA81700D81387 /* Build configuration list for PBXProject "WebBrowserExecuteJavaScript" */ = {
			isa = XCConfigurationList;
			buildConfigurations = (
				1B02237F21FFA81C00D81387 /* Debug */,
				1B02238021FFA81C00D81387 /* Release */,
			);
			defaultConfigurationIsVisible = 0;
			defaultConfigurationName = Release;
		};
		1B02238121FFA81C00D81387 /* Build configuration list for PBXNativeTarget "WebBrowserExecuteJavaScript" */ = {
			isa = XCConfigurationList;
			buildConfigurations = (
				1B02238221FFA81C00D81387 /* Debug */,
				1B02238321FFA81C00D81387 /* Release */,
			);
			defaultConfigurationIsVisible = 0;
			defaultConfigurationName = Release;
		};
		1B02238421FFA81C00D81387 /* Build configuration list for PBXNativeTarget "WebBrowserExecuteJavaScriptTests" */ = {
			isa = XCConfigurationList;
			buildConfigurations = (
				1B02238521FFA81C00D81387 /* Debug */,
				1B02238621FFA81C00D81387 /* Release */,
			);
			defaultConfigurationIsVisible = 0;
			defaultConfigurationName = Release;
		};
/* End XCConfigurationList section */
	};
	rootObject = 1B02235C21FFA81700D81387 /* Project object */;
}
